dependencies:
- name: coder
  repository: https://helm.coder.com/v2
  version: 2.33.7
- name: coder-logstream-kube
  repository: https://helm.coder.com/logstream-kube
  version: v0.0.15
digest: sha256:df53065909e5f51ea1b5f2b4ee84842786f380096bd8e4d1034c47f455444896
generated: "2026-06-09T14:14:21.808136-07:00"
